
Microsoft Visual Studio Solution File, Format Version 12.00
# Visual Studio Version 17
VisualStudioVersion = 17.14.36518.9
MinimumVisualStudioVersion = 10.0.40219.1
Project("{FAE04EC0-301F-11D3-BF4B-00C04F79EFBC}") = "Navigation Service", "Navigation Service\Navigation Service.csproj", "{B6901595-FB18-402A-933C-A4BFA7EAFCBC}"
EndProject
Project("{FAE04EC0-301F-11D3-BF4B-00C04F79EFBC}") = "NavigationSimulator", "NavigationSimulator\NavigationSimulator.csproj", "{5409DF62-5974-448C-8332-CD74A0068F04}"
EndProject
Global
	GlobalSection(SolutionConfigurationPlatforms) = preSolution
		Debug|Any CPU = Debug|Any CPU
		Debug|x64 = Debug|x64
		Debug|x86 = Debug|x86
		Release|Any CPU = Release|Any CPU
		Release|x64 = Release|x64
		Release|x86 = Release|x86
	EndGlobalSection
	GlobalSection(ProjectConfigurationPlatforms) = postSolution
		{B6901595-FB18-402A-933C-A4BFA7EAFCBC}.Debug|Any CPU.ActiveCfg = Debug|Any CPU
		{B6901595-FB18-402A-933C-A4BFA7EAFCBC}.Debug|Any CPU.Build.0 = Debug|Any CPU
		{B6901595-FB18-402A-933C-A4BFA7EAFCBC}.Debug|x64.ActiveCfg = Debug|Any CPU
		{B6901595-FB18-402A-933C-A4BFA7EAFCBC}.Debug|x64.Build.0 = Debug|Any CPU
		{B6901595-FB18-402A-933C-A4BFA7EAFCBC}.Debug|x86.ActiveCfg = Debug|Any CPU
		{B6901595-FB18-402A-933C-A4BFA7EAFCBC}.Debug|x86.Build.0 = Debug|Any CPU
		{B6901595-FB18-402A-933C-A4BFA7EAFCBC}.Release|Any CPU.ActiveCfg = Release|Any CPU
		{B6901595-FB18-402A-933C-A4BFA7EAFCBC}.Release|Any CPU.Build.0 = Release|Any CPU
		{B6901595-FB18-402A-933C-A4BFA7EAFCBC}.Release|x64.ActiveCfg = Release|Any CPU
		{B6901595-FB18-402A-933C-A4BFA7EAFCBC}.Release|x64.Build.0 = Release|Any CPU
		{B6901595-FB18-402A-933C-A4BFA7EAFCBC}.Release|x86.ActiveCfg = Release|Any CPU
		{B6901595-FB18-402A-933C-A4BFA7EAFCBC}.Release|x86.Build.0 = Release|Any CPU
		{5409DF62-5974-448C-8332-CD74A0068F04}.Debug|Any CPU.ActiveCfg = Debug|Any CPU
		{5409DF62-5974-448C-8332-CD74A0068F04}.Debug|Any CPU.Build.0 = Debug|Any CPU
		{5409DF62-5974-448C-8332-CD74A0068F04}.Debug|x64.ActiveCfg = Debug|Any CPU
		{5409DF62-5974-448C-8332-CD74A0068F04}.Debug|x64.Build.0 = Debug|Any CPU
		{5409DF62-5974-448C-8332-CD74A0068F04}.Debug|x86.ActiveCfg = Debug|Any CPU
		{5409DF62-5974-448C-8332-CD74A0068F04}.Debug|x86.Build.0 = Debug|Any CPU
		{5409DF62-5974-448C-8332-CD74A0068F04}.Release|Any CPU.ActiveCfg = Release|Any CPU
		{5409DF62-5974-448C-8332-CD74A0068F04}.Release|Any CPU.Build.0 = Release|Any CPU
		{5409DF62-5974-448C-8332-CD74A0068F04}.Release|x64.ActiveCfg = Release|Any CPU
		{5409DF62-5974-448C-8332-CD74A0068F04}.Release|x64.Build.0 = Release|Any CPU
		{5409DF62-5974-448C-8332-CD74A0068F04}.Release|x86.ActiveCfg = Release|Any CPU
		{5409DF62-5974-448C-8332-CD74A0068F04}.Release|x86.Build.0 = Release|Any CPU
	EndGlobalSection
	GlobalSection(SolutionProperties) = preSolution
		HideSolutionNode = FALSE
	EndGlobalSection
	GlobalSection(ExtensibilityGlobals) = postSolution
		SolutionGuid = {D7D78549-4C2F-4351-AECC-576D88E35561}
	EndGlobalSection
EndGlobal
